
Microsoft Visual Studio Solution File, Format Version 12.00
# Visual Studio Version 16
VisualStudioVersion = 16.0.31105.61
MinimumVisualStudioVersion = 10.0.40219.1
Project("{FAE04EC0-301F-11D3-BF4B-00C04F79EFBC}") = "DansveSalon", "DansveSalon\DansveSalon.csproj", "{758B2A26-FD74-4A24-AADE-629498D1AE73}"
EndProject
Global
	GlobalSection(SolutionConfigurationPlatforms) = preSolution
		Debug|Any CPU = Debug|Any CPU
		Release|Any CPU = Release|Any CPU
	EndGlobalSection
	GlobalSection(ProjectConfigurationPlatforms) = postSolution
		{758B2A26-FD74-4A24-AADE-629498D1AE73}.Debug|Any CPU.ActiveCfg = Debug|Any CPU
		{758B2A26-FD74-4A24-AADE-629498D1AE73}.Debug|Any CPU.Build.0 = Debug|Any CPU
		{758B2A26-FD74-4A24-AADE-629498D1AE73}.Release|Any CPU.ActiveCfg = Release|Any CPU
		{758B2A26-FD74-4A24-AADE-629498D1AE73}.Release|Any CPU.Build.0 = Release|Any CPU
	EndGlobalSection
	GlobalSection(SolutionProperties) = preSolution
		HideSolutionNode = FALSE
	EndGlobalSection
	GlobalSection(ExtensibilityGlobals) = postSolution
		SolutionGuid = {83FCEC43-269A-40CF-BD54-6BDDDFEC332F}
	EndGlobalSection
EndGlobal
